// !$*UTF8*$!
{
	archiveVersion = 1;
	classes = {
	};
	objectVersion = 50;
	objects = {

/* Begin PBXBuildFile section */
		223D155E2404673F00745268 /* AppDelegate.swift in Sources */ = {isa = PBXBuildFile; fileRef = 223D155D2404673F00745268 /* AppDelegate.swift */; };
		223D15602404673F00745268 /* SceneDelegate.swift in Sources */ = {isa = PBXBuildFile; fileRef = 223D155F2404673F00745268 /* SceneDelegate.swift */; };
		223D15622404673F00745268 /* ViewController.swift in Sources */ = {isa = PBXBuildFile; fileRef = 223D15612404673F00745268 /* ViewController.swift */; };
		223D15652404673F00745268 /* Main.storyboard in Resources */ = {isa = PBXBuildFile; fileRef = 223D15632404673F00745268 /* Main.storyboard */; };
		223D15672404674100745268 /* Assets.xcassets in Resources */ = {isa = PBXBuildFile; fileRef = 223D15662404674100745268 /* Assets.xcassets */; };
		223D156A2404674100745268 /* LaunchScreen.storyboard in Resources */ = {isa = PBXBuildFile; fileRef = 223D15682404674100745268 /* LaunchScreen.storyboard */; };
		223D15752404674100745268 /* Simple_SurveysTests.swift in Sources */ = {isa = PBXBuildFile; fileRef = 223D15742404674100745268 /* Simple_SurveysTests.swift */; };
		223D15802404674100745268 /* Simple_SurveysUITests.swift in Sources */ = {isa = PBXBuildFile; fileRef = 223D157F2404674100745268 /* Simple_SurveysUITests.swift */; };
/* End PBXBuildFile section */

/* Begin PBXContainerItemProxy section */
		223D15712404674100745268 /* PBXContainerItemProxy */ = {
			isa = PBXContainerItemProxy;
			containerPortal = 223D15522404673F00745268 /* Project object */;
			proxyType = 1;
			remoteGlobalIDString = 223D15592404673F00745268;
			remoteInfo = "Simple Surveys";
		};
		223D157C2404674100745268 /* PBXContainerItemProxy */ = {
			isa = PBXContainerItemProxy;
			containerPortal = 223D15522404673F00745268 /* Project object */;
			proxyType = 1;
			remoteGlobalIDString = 223D15592404673F00745268;
			remoteInfo = "Simple Surveys";
		};
/* End PBXContainerItemProxy section */

/* Begin PBXFileReference section */
		223D155A2404673F00745268 /* Simple Surveys.app */ = {isa = PBXFileReference; explicitFileType = wrapper.application; includeInIndex = 0; path = "Simple Surveys.app"; sourceTree = BUILT_PRODUCTS_DIR; };
		223D155D2404673F00745268 /* AppDelegate.swift */ = {isa = PBXFileReference; lastKnownFileType = sourcecode.swift; path = AppDelegate.swift; sourceTree = "<group>"; };
		223D155F2404673F00745268 /* SceneDelegate.swift */ = {isa = PBXFileReference; lastKnownFileType = sourcecode.swift; path = SceneDelegate.swift; sourceTree = "<group>"; };
		223D15612404673F00745268 /* ViewController.swift */ = {isa = PBXFileReference; lastKnownFileType = sourcecode.swift; path = ViewController.swift; sourceTree = "<group>"; };
		223D15642404673F00745268 /* Base */ = {isa = PBXFileReference; lastKnownFileType = file.storyboard; name = Base; path = Base.lproj/Main.storyboard; sourceTree = "<group>"; };
		223D15662404674100745268 /* Assets.xcassets */ = {isa = PBXFileReference; lastKnownFileType = folder.assetcatalog; path = Assets.xcassets; sourceTree = "<group>"; };
		223D15692404674100745268 /* Base */ = {isa = PBXFileReference; lastKnownFileType = file.storyboard; name = Base; path = Base.lproj/LaunchScreen.storyboard; sourceTree = "<group>"; };
		223D156B2404674100745268 /* Info.plist */ = {isa = PBXFileReference; lastKnownFileType = text.plist.xml; path = Info.plist; sourceTree = "<group>"; };
		223D15702404674100745268 /* Simple SurveysTests.xctest */ = {isa = PBXFileReference; explicitFileType = wrapper.cfbundle; includeInIndex = 0; path = "Simple SurveysTests.xctest"; sourceTree = BUILT_PRODUCTS_DIR; };
		223D15742404674100745268 /* Simple_SurveysTests.swift */ = {isa = PBXFileReference; lastKnownFileType = sourcecode.swift; path = Simple_SurveysTests.swift; sourceTree = "<group>"; };
		223D15762404674100745268 /* Info.plist */ = {isa = PBXFileReference; lastKnownFileType = text.plist.xml; path = Info.plist; sourceTree = "<group>"; };
		223D157B2404674100745268 /* Simple SurveysUITests.xctest */ = {isa = PBXFileReference; explicitFileType = wrapper.cfbundle; includeInIndex = 0; path = "Simple SurveysUITests.xctest"; sourceTree = BUILT_PRODUCTS_DIR; };
		223D157F2404674100745268 /* Simple_SurveysUITests.swift */ = {isa = PBXFileReference; lastKnownFileType = sourcecode.swift; path = Simple_SurveysUITests.swift; sourceTree = "<group>"; };
		223D15812404674100745268 /* Info.plist */ = {isa = PBXFileReference; lastKnownFileType = text.plist.xml; path = Info.plist; sourceTree = "<group>"; };
/* End PBXFileReference section */

/* Begin PBXFrameworksBuildPhase section */
		223D15572404673F00745268 /* Frameworks */ = {
			isa = PBXFrameworksBuildPhase;
			buildActionMask = 2147483647;
			files = (
			);
			runOnlyForDeploymentPostprocessing = 0;
		};
		223D156D2404674100745268 /* Frameworks */ = {
			isa = PBXFrameworksBuildPhase;
			buildActionMask = 2147483647;
			files = (
			);
			runOnlyForDeploymentPostprocessing = 0;
		};
		223D15782404674100745268 /* Frameworks */ = {
			isa = PBXFrameworksBuildPhase;
			buildActionMask = 2147483647;
			files = (
			);
			runOnlyForDeploymentPostprocessing = 0;
		};
/* End PBXFrameworksBuildPhase section */

/* Begin PBXGroup section */
		223D15512404673F00745268 = {
			isa = PBXGroup;
			children = (
				223D155C2404673F00745268 /* Simple Surveys */,
				223D15732404674100745268 /* Simple SurveysTests */,
				223D157E2404674100745268 /* Simple SurveysUITests */,
				223D155B2404673F00745268 /* Products */,
			);
			sourceTree = "<group>";
		};
		223D155B2404673F00745268 /* Products */ = {
			isa = PBXGroup;
			children = (
				223D155A2404673F00745268 /* Simple Surveys.app */,
				223D15702404674100745268 /* Simple SurveysTests.xctest */,
				223D157B2404674100745268 /* Simple SurveysUITests.xctest */,
			);
			name = Products;
			sourceTree = "<group>";
		};
		223D155C2404673F00745268 /* Simple Surveys */ = {
			isa = PBXGroup;
			children = (
				223D155D2404673F00745268 /* AppDelegate.swift */,
				223D155F2404673F00745268 /* SceneDelegate.swift */,
				223D15612404673F00745268 /* ViewController.swift */,
				223D15632404673F00745268 /* Main.storyboard */,
				223D15662404674100745268 /* Assets.xcassets */,
				223D15682404674100745268 /* LaunchScreen.storyboard */,
				223D156B2404674100745268 /* Info.plist */,
			);
			path = "Simple Surveys";
			sourceTree = "<group>";
		};
		223D15732404674100745268 /* Simple SurveysTests */ = {
			isa = PBXGroup;
			children = (
				223D15742404674100745268 /* Simple_SurveysTests.swift */,
				223D15762404674100745268 /* Info.plist */,
			);
			path = "Simple SurveysTests";
			sourceTree = "<group>";
		};
		223D157E2404674100745268 /* Simple SurveysUITests */ = {
			isa = PBXGroup;
			children = (
				223D157F2404674100745268 /* Simple_SurveysUITests.swift */,
				223D15812404674100745268 /* Info.plist */,
			);
			path = "Simple SurveysUITests";
			sourceTree = "<group>";
		};
/* End PBXGroup section */

/* Begin PBXNativeTarget section */
		223D15592404673F00745268 /* Simple Surveys */ = {
			isa = PBXNativeTarget;
			buildConfigurationList = 223D15842404674100745268 /* Build configuration list for PBXNativeTarget "Simple Surveys" */;
			buildPhases = (
				223D15562404673F00745268 /* Sources */,
				223D15572404673F00745268 /* Frameworks */,
				223D15582404673F00745268 /* Resources */,
			);
			buildRules = (
			);
			dependencies = (
			);
			name = "Simple Surveys";
			productName = "Simple Surveys";
			productReference = 223D155A2404673F00745268 /* Simple Surveys.app */;
			productType = "com.apple.product-type.application";
		};
		223D156F2404674100745268 /* Simple SurveysTests */ = {
			isa = PBXNativeTarget;
			buildConfigurationList = 223D15872404674100745268 /* Build configuration list for PBXNativeTarget "Simple SurveysTests" */;
			buildPhases = (
				223D156C2404674100745268 /* Sources */,
				223D156D2404674100745268 /* Frameworks */,
				223D156E2404674100745268 /* Resources */,
			);
			buildRules = (
			);
			dependencies = (
				223D15722404674100745268 /* PBXTargetDependency */,
			);
			name = "Simple SurveysTests";
			productName = "Simple SurveysTests";
			productReference = 223D15702404674100745268 /* Simple SurveysTests.xctest */;
			productType = "com.apple.product-type.bundle.unit-test";
		};
		223D157A2404674100745268 /* Simple SurveysUITests */ = {
			isa = PBXNativeTarget;
			buildConfigurationList = 223D158A2404674100745268 /* Build configuration list for PBXNativeTarget "Simple SurveysUITests" */;
			buildPhases = (
				223D15772404674100745268 /* Sources */,
				223D15782404674100745268 /* Frameworks */,
				223D15792404674100745268 /* Resources */,
			);
			buildRules = (
			);
			dependencies = (
				223D157D2404674100745268 /* PBXTargetDependency */,
			);
			name = "Simple SurveysUITests";
			productName = "Simple SurveysUITests";
			productReference = 223D157B2404674100745268 /* Simple SurveysUITests.xctest */;
			productType = "com.apple.product-type.bundle.ui-testing";
		};
/* End PBXNativeTarget section */

/* Begin PBXProject section */
		223D15522404673F00745268 /* Project object */ = {
			isa = PBXProject;
			attributes = {
				LastSwiftUpdateCheck = 1130;
				LastUpgradeCheck = 1130;
				ORGANIZATIONNAME = "Michael Guay";
				TargetAttributes = {
					223D15592404673F00745268 = {
						CreatedOnToolsVersion = 11.3;
					};
					223D156F2404674100745268 = {
						CreatedOnToolsVersion = 11.3;
						TestTargetID = 223D15592404673F00745268;
					};
					223D157A2404674100745268 = {
						CreatedOnToolsVersion = 11.3;
						TestTargetID = 223D15592404673F00745268;
					};
				};
			};
			buildConfigurationList = 223D15552404673F00745268 /* Build configuration list for PBXProject "Simple Surveys" */;
			compatibilityVersion = "Xcode 9.3";
			developmentRegion = en;
			hasScannedForEncodings = 0;
			knownRegions = (
				en,
				Base,
			);
			mainGroup = 223D15512404673F00745268;
			productRefGroup = 223D155B2404673F00745268 /* Products */;
			projectDirPath = "";
			projectRoot = "";
			targets = (
				223D15592404673F00745268 /* Simple Surveys */,
				223D156F2404674100745268 /* Simple SurveysTests */,
				223D157A2404674100745268 /* Simple SurveysUITests */,
			);
		};
/* End PBXProject section */

/* Begin PBXResourcesBuildPhase section */
		223D15582404673F00745268 /* Resources */ = {
			isa = PBXResourcesBuildPhase;
			buildActionMask = 2147483647;
			files = (
				223D156A2404674100745268 /* LaunchScreen.storyboard in Resources */,
				223D15672404674100745268 /* Assets.xcassets in Resources */,
				223D15652404673F00745268 /* Main.storyboard in Resources */,
			);
			runOnlyForDeploymentPostprocessing = 0;
		};
		223D156E2404674100745268 /* Resources */ = {
			isa = PBXResourcesBuildPhase;
			buildActionMask = 2147483647;
			files = (
			);
			runOnlyForDeploymentPostprocessing = 0;
		};
		223D15792404674100745268 /* Resources */ = {
			isa = PBXResourcesBuildPhase;
			buildActionMask = 2147483647;
			files = (
			);
			runOnlyForDeploymentPostprocessing = 0;
		};
/* End PBXResourcesBuildPhase section */

/* Begin PBXSourcesBuildPhase section */
		223D15562404673F00745268 /* Sources */ = {
			isa = PBXSourcesBuildPhase;
			buildActionMask = 2147483647;
			files = (
				223D15622404673F00745268 /* ViewController.swift in Sources */,
				223D155E2404673F00745268 /* AppDelegate.swift in Sources */,
				223D15602404673F00745268 /* SceneDelegate.swift in Sources */,
			);
			runOnlyForDeploymentPostprocessing = 0;
		};
		223D156C2404674100745268 /* Sources */ = {
			isa = PBXSourcesBuildPhase;
			buildActionMask = 2147483647;
			files = (
				223D15752404674100745268 /* Simple_SurveysTests.swift in Sources */,
			);
			runOnlyForDeploymentPostprocessing = 0;
		};
		223D15772404674100745268 /* Sources */ = {
			isa = PBXSourcesBuildPhase;
			buildActionMask = 2147483647;
			files = (
				223D15802404674100745268 /* Simple_SurveysUITests.swift in Sources */,
			);
			runOnlyForDeploymentPostprocessing = 0;
		};
/* End PBXSourcesBuildPhase section */

/* Begin PBXTargetDependency section */
		223D15722404674100745268 /* PBXTargetDependency */ = {
			isa = PBXTargetDependency;
			target = 223D15592404673F00745268 /* Simple Surveys */;
			targetProxy = 223D15712404674100745268 /* PBXContainerItemProxy */;
		};
		223D157D2404674100745268 /* PBXTargetDependency */ = {
			isa = PBXTargetDependency;
			target = 223D15592404673F00745268 /* Simple Surveys */;
			targetProxy = 223D157C2404674100745268 /* PBXContainerItemProxy */;
		};
/* End PBXTargetDependency section */

/* Begin PBXVariantGroup section */
		223D15632404673F00745268 /* Main.storyboard */ = {
			isa = PBXVariantGroup;
			children = (
				223D15642404673F00745268 /* Base */,
			);
			name = Main.storyboard;
			sourceTree = "<group>";
		};
		223D15682404674100745268 /* LaunchScreen.storyboard */ = {
			isa = PBXVariantGroup;
			children = (
				223D15692404674100745268 /* Base */,
			);
			name = LaunchScreen.storyboard;
			sourceTree = "<group>";
		};
/* End PBXVariantGroup section */

/* Begin XCBuildConfiguration section */
		223D15822404674100745268 /* Debug */ = {
			isa = XCBuildConfiguration;
			buildSettings = {
				ALWAYS_SEARCH_USER_PATHS = NO;
				CLANG_ANALYZER_NONNULL = YES;
				CLANG_ANALYZER_NUMBER_OBJECT_CONVERSION = YES_AGGRESSIVE;
				CLANG_CXX_LANGUAGE_STANDARD = "gnu++14";
				CLANG_CXX_LIBRARY = "libc++";
				CLANG_ENABLE_MODULES = YES;
				CLANG_ENABLE_OBJC_ARC = YES;
				CLANG_ENABLE_OBJC_WEAK = YES;
				CLANG_WARN_BLOCK_CAPTURE_AUTORELEASING = YES;
				CLANG_WARN_BOOL_CONVERSION = YES;
				CLANG_WARN_COMMA = YES;
				CLANG_WARN_CONSTANT_CONVERSION = YES;
				CLANG_WARN_DEPRECATED_OBJC_IMPLEMENTATIONS = YES;
				CLANG_WARN_DIRECT_OBJC_ISA_USAGE = YES_ERROR;
				CLANG_WARN_DOCUMENTATION_COMMENTS = YES;
				CLANG_WARN_EMPTY_BODY = YES;
				CLANG_WARN_ENUM_CONVERSION = YES;
				CLANG_WARN_INFINITE_RECURSION = YES;
				CLANG_WARN_INT_CONVERSION = YES;
				CLANG_WARN_NON_LITERAL_NULL_CONVERSION = YES;
				CLANG_WARN_OBJC_IMPLICIT_RETAIN_SELF = YES;
				CLANG_WARN_OBJC_LITERAL_CONVERSION = YES;
				CLANG_WARN_OBJC_ROOT_CLASS = YES_ERROR;
				CLANG_WARN_RANGE_LOOP_ANALYSIS = YES;
				CLANG_WARN_STRICT_PROTOTYPES = YES;
				CLANG_WARN_SUSPICIOUS_MOVE = YES;
				CLANG_WARN_UNGUARDED_AVAILABILITY = YES_AGGRESSIVE;
				CLANG_WARN_UNREACHABLE_CODE = YES;
				CLANG_WARN__DUPLICATE_METHOD_MATCH = YES;
				COPY_PHASE_STRIP = NO;
				DEBUG_INFORMATION_FORMAT = dwarf;
				ENABLE_STRICT_OBJC_MSGSEND = YES;
				ENABLE_TESTABILITY = YES;
				GCC_C_LANGUAGE_STANDARD = gnu11;
				GCC_DYNAMIC_NO_PIC = NO;
				GCC_NO_COMMON_BLOCKS = YES;
				GCC_OPTIMIZATION_LEVEL = 0;
				GCC_PREPROCESSOR_DEFINITIONS = (
					"DEBUG=1",
					"$(inherited)",
				);
				GCC_WARN_64_TO_32_BIT_CONVERSION = YES;
				GCC_WARN_ABOUT_RETURN_TYPE = YES_ERROR;
				GCC_WARN_UNDECLARED_SELECTOR = YES;
				GCC_WARN_UNINITIALIZED_AUTOS = YES_AGGRESSIVE;
				GCC_WARN_UNUSED_FUNCTION = YES;
				GCC_WARN_UNUSED_VARIABLE = YES;
				IPHONEOS_DEPLOYMENT_TARGET = 13.2;
				MTL_ENABLE_DEBUG_INFO = INCLUDE_SOURCE;
				MTL_FAST_MATH = YES;
				ONLY_ACTIVE_ARCH = YES;
				SDKROOT = iphoneos;
				SWIFT_ACTIVE_COMPILATION_CONDITIONS = DEBUG;
				SWIFT_OPTIMIZATION_LEVEL = "-Onone";
			};
			name = Debug;
		};
		223D15832404674100745268 /* Release */ = {
			isa = XCBuildConfiguration;
			buildSettings = {
				ALWAYS_SEARCH_USER_PATHS = NO;
				CLANG_ANALYZER_NONNULL = YES;
				CLANG_ANALYZER_NUMBER_OBJECT_CONVERSION = YES_AGGRESSIVE;
				CLANG_CXX_LANGUAGE_STANDARD = "gnu++14";
				CLANG_CXX_LIBRARY = "libc++";
				CLANG_ENABLE_MODULES = YES;
				CLANG_ENABLE_OBJC_ARC = YES;
				CLANG_ENABLE_OBJC_WEAK = YES;
				CLANG_WARN_BLOCK_CAPTURE_AUTORELEASING = YES;
				CLANG_WARN_BOOL_CONVERSION = YES;
				CLANG_WARN_COMMA = YES;
				CLANG_WARN_CONSTANT_CONVERSION = YES;
				CLANG_WARN_DEPRECATED_OBJC_IMPLEMENTATIONS = YES;
				CLANG_WARN_DIRECT_OBJC_ISA_USAGE = YES_ERROR;
				CLANG_WARN_DOCUMENTATION_COMMENTS = YES;
				CLANG_WARN_EMPTY_BODY = YES;
				CLANG_WARN_ENUM_CONVERSION = YES;
				CLANG_WARN_INFINITE_RECURSION = YES;
				CLANG_WARN_INT_CONVERSION = YES;
				CLANG_WARN_NON_LITERAL_NULL_CONVERSION = YES;
				CLANG_WARN_OBJC_IMPLICIT_RETAIN_SELF = YES;
				CLANG_WARN_OBJC_LITERAL_CONVERSION = YES;
				CLANG_WARN_OBJC_ROOT_CLASS = YES_ERROR;
				CLANG_WARN_RANGE_LOOP_ANALYSIS = YES;
				CLANG_WARN_STRICT_PROTOTYPES = YES;
				CLANG_WARN_SUSPICIOUS_MOVE = YES;
				CLANG_WARN_UNGUARDED_AVAILABILITY = YES_AGGRESSIVE;
				CLANG_WARN_UNREACHABLE_CODE = YES;
				CLANG_WARN__DUPLICATE_METHOD_MATCH = YES;
				COPY_PHASE_STRIP = NO;
				DEBUG_INFORMATION_FORMAT = "dwarf-with-dsym";
				ENABLE_NS_ASSERTIONS = NO;
				ENABLE_STRICT_OBJC_MSGSEND = YES;
				GCC_C_LANGUAGE_STANDARD = gnu11;
				GCC_NO_COMMON_BLOCKS = YES;
				GCC_WARN_64_TO_32_BIT_CONVERSION = YES;
				GCC_WARN_ABOUT_RETURN_TYPE = YES_ERROR;
				GCC_WARN_UNDECLARED_SELECTOR = YES;
				GCC_WARN_UNINITIALIZED_AUTOS = YES_AGGRESSIVE;
				GCC_WARN_UNUSED_FUNCTION = YES;
				GCC_WARN_UNUSED_VARIABLE = YES;
				IPHONEOS_DEPLOYMENT_TARGET = 13.2;
				MTL_ENABLE_DEBUG_INFO = NO;
				MTL_FAST_MATH = YES;
				SDKROOT = iphoneos;
				SWIFT_COMPILATION_MODE = wholemodule;
				SWIFT_OPTIMIZATION_LEVEL = "-O";
				VALIDATE_PRODUCT = YES;
			};
			name = Release;
		};
		223D15852404674100745268 /* Debug */ = {
			isa = XCBuildConfiguration;
			buildSettings = {
				ASSETCATALOG_COMPILER_APPICON_NAME = AppIcon;
				CODE_SIGN_STYLE = Automatic;
				DEVELOPMENT_TEAM = BR5885238L;
				INFOPLIST_FILE = "Simple Surveys/Info.plist";
				LD_RUNPATH_SEARCH_PATHS = (
					"$(inherited)",
					"@executable_path/Frameworks",
				);
				PRODUCT_BUNDLE_IDENTIFIER = "com.cs295.Simple-Surveys";
				PRODUCT_NAME = "$(TARGET_NAME)";
				SWIFT_VERSION = 5.0;
				TARGETED_DEVICE_FAMILY = "1,2";
			};
			name = Debug;
		};
		223D15862404674100745268 /* Release */ = {
			isa = XCBuildConfiguration;
			buildSettings = {
				ASSETCATALOG_COMPILER_APPICON_NAME = AppIcon;
				CODE_SIGN_STYLE = Automatic;
				DEVELOPMENT_TEAM = BR5885238L;
				INFOPLIST_FILE = "Simple Surveys/Info.plist";
				LD_RUNPATH_SEARCH_PATHS = (
					"$(inherited)",
					"@executable_path/Frameworks",
				);
				PRODUCT_BUNDLE_IDENTIFIER = "com.cs295.Simple-Surveys";
				PRODUCT_NAME = "$(TARGET_NAME)";
				SWIFT_VERSION = 5.0;
				TARGETED_DEVICE_FAMILY = "1,2";
			};
			name = Release;
		};
		223D15882404674100745268 /* Debug */ = {
			isa = XCBuildConfiguration;
			buildSettings = {
				ALWAYS_EMBED_SWIFT_STANDARD_LIBRARIES = YES;
				BUNDLE_LOADER = "$(TEST_HOST)";
				CODE_SIGN_STYLE = Automatic;
				DEVELOPMENT_TEAM = BR5885238L;
				INFOPLIST_FILE = "Simple SurveysTests/Info.plist";
				IPHONEOS_DEPLOYMENT_TARGET = 13.2;
				LD_RUNPATH_SEARCH_PATHS = (
					"$(inherited)",
					"@executable_path/Frameworks",
					"@loader_path/Frameworks",
				);
				PRODUCT_BUNDLE_IDENTIFIER = "com.cs295.Simple-SurveysTests";
				PRODUCT_NAME = "$(TARGET_NAME)";
				SWIFT_VERSION = 5.0;
				TARGETED_DEVICE_FAMILY = "1,2";
				TEST_HOST = "$(BUILT_PRODUCTS_DIR)/Simple Surveys.app/Simple Surveys";
			};
			name = Debug;
		};
		223D15892404674100745268 /* Release */ = {
			isa = XCBuildConfiguration;
			buildSettings = {
				ALWAYS_EMBED_SWIFT_STANDARD_LIBRARIES = YES;
				BUNDLE_LOADER = "$(TEST_HOST)";
				CODE_SIGN_STYLE = Automatic;
				DEVELOPMENT_TEAM = BR5885238L;
				INFOPLIST_FILE = "Simple SurveysTests/Info.plist";
				IPHONEOS_DEPLOYMENT_TARGET = 13.2;
				LD_RUNPATH_SEARCH_PATHS = (
					"$(inherited)",
					"@executable_path/Frameworks",
					"@loader_path/Frameworks",
				);
				PRODUCT_BUNDLE_IDENTIFIER = "com.cs295.Simple-SurveysTests";
				PRODUCT_NAME = "$(TARGET_NAME)";
				SWIFT_VERSION = 5.0;
				TARGETED_DEVICE_FAMILY = "1,2";
				TEST_HOST = "$(BUILT_PRODUCTS_DIR)/Simple Surveys.app/Simple Surveys";
			};
			name = Release;
		};
		223D158B2404674100745268 /* Debug */ = {
			isa = XCBuildConfiguration;
			buildSettings = {
				ALWAYS_EMBED_SWIFT_STANDARD_LIBRARIES = YES;
				CODE_SIGN_STYLE = Automatic;
				DEVELOPMENT_TEAM = BR5885238L;
				INFOPLIST_FILE = "Simple SurveysUITests/Info.plist";
				LD_RUNPATH_SEARCH_PATHS = (
					"$(inherited)",
					"@executable_path/Frameworks",
					"@loader_path/Frameworks",
				);
				PRODUCT_BUNDLE_IDENTIFIER = "com.cs295.Simple-SurveysUITests";
				PRODUCT_NAME = "$(TARGET_NAME)";
				SWIFT_VERSION = 5.0;
				TARGETED_DEVICE_FAMILY = "1,2";
				TEST_TARGET_NAME = "Simple Surveys";
			};
			name = Debug;
		};
		223D158C2404674100745268 /* Release */ = {
			isa = XCBuildConfiguration;
			buildSettings = {
				ALWAYS_EMBED_SWIFT_STANDARD_LIBRARIES = YES;
				CODE_SIGN_STYLE = Automatic;
				DEVELOPMENT_TEAM = BR5885238L;
				INFOPLIST_FILE = "Simple SurveysUITests/Info.plist";
				LD_RUNPATH_SEARCH_PATHS = (
					"$(inherited)",
					"@executable_path/Frameworks",
					"@loader_path/Frameworks",
				);
				PRODUCT_BUNDLE_IDENTIFIER = "com.cs295.Simple-SurveysUITests";
				PRODUCT_NAME = "$(TARGET_NAME)";
				SWIFT_VERSION = 5.0;
				TARGETED_DEVICE_FAMILY = "1,2";
				TEST_TARGET_NAME = "Simple Surveys";
			};
			name = Release;
		};
/* End XCBuildConfiguration section */

/* Begin XCConfigurationList section */
		223D15552404673F00745268 /* Build configuration list for PBXProject "Simple Surveys" */ = {
			isa = XCConfigurationList;
			buildConfigurations = (
				223D15822404674100745268 /* Debug */,
				223D15832404674100745268 /* Release */,
			);
			defaultConfigurationIsVisible = 0;
			defaultConfigurationName = Release;
		};
		223D15842404674100745268 /* Build configuration list for PBXNativeTarget "Simple Surveys" */ = {
			isa = XCConfigurationList;
			buildConfigurations = (
				223D15852404674100745268 /* Debug */,
				223D15862404674100745268 /* Release */,
			);
			defaultConfigurationIsVisible = 0;
			defaultConfigurationName = Release;
		};
		223D15872404674100745268 /* Build configuration list for PBXNativeTarget "Simple SurveysTests" */ = {
			isa = XCConfigurationList;
			buildConfigurations = (
				223D15882404674100745268 /* Debug */,
				223D15892404674100745268 /* Release */,
			);
			defaultConfigurationIsVisible = 0;
			defaultConfigurationName = Release;
		};
		223D158A2404674100745268 /* Build configuration list for PBXNativeTarget "Simple SurveysUITests" */ = {
			isa = XCConfigurationList;
			buildConfigurations = (
				223D158B2404674100745268 /* Debug */,
				223D158C2404674100745268 /* Release */,
			);
			defaultConfigurationIsVisible = 0;
			defaultConfigurationName = Release;
		};
/* End XCConfigurationList section */
	};
	rootObject = 223D15522404673F00745268 /* Project object */;
}
