// !$*UTF8*$!
{
	archiveVersion = 1;
	classes = {
	};
	objectVersion = 50;
	objects = {

/* Begin PBXBuildFile section */
		223D155E2404673F00745268 /* AppDelegate.swift in Sources */ = {isa = PBXBuildFile; fileRef = 223D155D2404673F00745268 /* AppDelegate.swift */; };
		223D15602404673F00745268 /* SceneDelegate.swift in Sources */ = {isa = PBXBuildFile; fileRef = 223D155F2404673F00745268 /* SceneDelegate.swift */; };
		223D15622404673F00745268 /* HomeController.swift in Sources */ = {isa = PBXBuildFile; fileRef = 223D15612404673F00745268 /* HomeController.swift */; };
		223D15652404673F00745268 /* Main.storyboard in Resources */ = {isa = PBXBuildFile; fileRef = 223D15632404673F00745268 /* Main.storyboard */; };
		223D15672404674100745268 /* Assets.xcassets in Resources */ = {isa = PBXBuildFile; fileRef = 223D15662404674100745268 /* Assets.xcassets */; };
		223D156A2404674100745268 /* LaunchScreen.storyboard in Resources */ = {isa = PBXBuildFile; fileRef = 223D15682404674100745268 /* LaunchScreen.storyboard */; };
		223D15752404674100745268 /* Simple_SurveysTests.swift in Sources */ = {isa = PBXBuildFile; fileRef = 223D15742404674100745268 /* Simple_SurveysTests.swift */; };
		223D15802404674100745268 /* Simple_SurveysUITests.swift in Sources */ = {isa = PBXBuildFile; fileRef = 223D157F2404674100745268 /* Simple_SurveysUITests.swift */; };
		224D8D75243BA07E003C72D7 /* LoginViewController.swift in Sources */ = {isa = PBXBuildFile; fileRef = 224D8D74243BA07E003C72D7 /* LoginViewController.swift */; };
		2283F8CB244F97DB001AAB34 /* Constants.swift in Sources */ = {isa = PBXBuildFile; fileRef = 2283F8CA244F97DB001AAB34 /* Constants.swift */; };
		2283F8CC244F997B001AAB34 /* UserRepository.swift in Sources */ = {isa = PBXBuildFile; fileRef = 222B0162243B844300D8E664 /* UserRepository.swift */; };
		2283F8CD244F997B001AAB34 /* SurveyRepository.swift in Sources */ = {isa = PBXBuildFile; fileRef = 222B0163243B844300D8E664 /* SurveyRepository.swift */; };
		2283F8CE244F997B001AAB34 /* Result.swift in Sources */ = {isa = PBXBuildFile; fileRef = 222B0164243B844300D8E664 /* Result.swift */; };
		2283F8CF244F997B001AAB34 /* DatabaseClient.swift in Sources */ = {isa = PBXBuildFile; fileRef = 222B0165243B844300D8E664 /* DatabaseClient.swift */; };
		326D0029240EE65100429332 /* RegisterViewController.swift in Sources */ = {isa = PBXBuildFile; fileRef = 326D0028240EE65100429332 /* RegisterViewController.swift */; };
/* End PBXBuildFile section */

/* Begin PBXContainerItemProxy section */
		223D15712404674100745268 /* PBXContainerItemProxy */ = {
			isa = PBXContainerItemProxy;
			containerPortal = 223D15522404673F00745268 /* Project object */;
			proxyType = 1;
			remoteGlobalIDString = 223D15592404673F00745268;
			remoteInfo = "Simple Surveys";
		};
		223D157C2404674100745268 /* PBXContainerItemProxy */ = {
			isa = PBXContainerItemProxy;
			containerPortal = 223D15522404673F00745268 /* Project object */;
			proxyType = 1;
			remoteGlobalIDString = 223D15592404673F00745268;
			remoteInfo = "Simple Surveys";
		};
/* End PBXContainerItemProxy section */

/* Begin PBXCopyFilesBuildPhase section */
		22E4055E24057A0100051A9B /* Embed App Extensions */ = {
			isa = PBXCopyFilesBuildPhase;
			buildActionMask = 2147483647;
			dstPath = "";
			dstSubfolderSpec = 13;
			files = (
			);
			name = "Embed App Extensions";
			runOnlyForDeploymentPostprocessing = 0;
		};
/* End PBXCopyFilesBuildPhase section */

/* Begin PBXFileReference section */
		22095E45241FC9BC00BA0B32 /* Simple Surveys.entitlements */ = {isa = PBXFileReference; lastKnownFileType = text.plist.entitlements; path = "Simple Surveys.entitlements"; sourceTree = "<group>"; };
		222B0162243B844300D8E664 /* UserRepository.swift */ = {isa = PBXFileReference; lastKnownFileType = sourcecode.swift; path = UserRepository.swift; sourceTree = "<group>"; };
		222B0163243B844300D8E664 /* SurveyRepository.swift */ = {isa = PBXFileReference; lastKnownFileType = sourcecode.swift; path = SurveyRepository.swift; sourceTree = "<group>"; };
		222B0164243B844300D8E664 /* Result.swift */ = {isa = PBXFileReference; lastKnownFileType = sourcecode.swift; path = Result.swift; sourceTree = "<group>"; };
		222B0165243B844300D8E664 /* DatabaseClient.swift */ = {isa = PBXFileReference; lastKnownFileType = sourcecode.swift; path = DatabaseClient.swift; sourceTree = "<group>"; };
		223D155A2404673F00745268 /* Simple Surveys.app */ = {isa = PBXFileReference; explicitFileType = wrapper.application; includeInIndex = 0; path = "Simple Surveys.app"; sourceTree = BUILT_PRODUCTS_DIR; };
		223D155D2404673F00745268 /* AppDelegate.swift */ = {isa = PBXFileReference; lastKnownFileType = sourcecode.swift; path = AppDelegate.swift; sourceTree = "<group>"; };
		223D155F2404673F00745268 /* SceneDelegate.swift */ = {isa = PBXFileReference; lastKnownFileType = sourcecode.swift; path = SceneDelegate.swift; sourceTree = "<group>"; };
		223D15612404673F00745268 /* HomeController.swift */ = {isa = PBXFileReference; lastKnownFileType = sourcecode.swift; path = HomeController.swift; sourceTree = "<group>"; };
		223D15642404673F00745268 /* Base */ = {isa = PBXFileReference; lastKnownFileType = file.storyboard; name = Base; path = Base.lproj/Main.storyboard; sourceTree = "<group>"; };
		223D15662404674100745268 /* Assets.xcassets */ = {isa = PBXFileReference; lastKnownFileType = folder.assetcatalog; path = Assets.xcassets; sourceTree = "<group>"; };
		223D15692404674100745268 /* Base */ = {isa = PBXFileReference; lastKnownFileType = file.storyboard; name = Base; path = Base.lproj/LaunchScreen.storyboard; sourceTree = "<group>"; };
		223D156B2404674100745268 /* Info.plist */ = {isa = PBXFileReference; lastKnownFileType = text.plist.xml; path = Info.plist; sourceTree = "<group>"; };
		223D15702404674100745268 /* Simple SurveysTests.xctest */ = {isa = PBXFileReference; explicitFileType = wrapper.cfbundle; includeInIndex = 0; path = "Simple SurveysTests.xctest"; sourceTree = BUILT_PRODUCTS_DIR; };
		223D15742404674100745268 /* Simple_SurveysTests.swift */ = {isa = PBXFileReference; lastKnownFileType = sourcecode.swift; path = Simple_SurveysTests.swift; sourceTree = "<group>"; };
		223D15762404674100745268 /* Info.plist */ = {isa = PBXFileReference; lastKnownFileType = text.plist.xml; path = Info.plist; sourceTree = "<group>"; };
		223D157B2404674100745268 /* Simple SurveysUITests.xctest */ = {isa = PBXFileReference; explicitFileType = wrapper.cfbundle; includeInIndex = 0; path = "Simple SurveysUITests.xctest"; sourceTree = BUILT_PRODUCTS_DIR; };
		223D157F2404674100745268 /* Simple_SurveysUITests.swift */ = {isa = PBXFileReference; lastKnownFileType = sourcecode.swift; path = Simple_SurveysUITests.swift; sourceTree = "<group>"; };
		223D15812404674100745268 /* Info.plist */ = {isa = PBXFileReference; lastKnownFileType = text.plist.xml; path = Info.plist; sourceTree = "<group>"; };
		224D8D74243BA07E003C72D7 /* LoginViewController.swift */ = {isa = PBXFileReference; fileEncoding = 4; lastKnownFileType = sourcecode.swift; path = LoginViewController.swift; sourceTree = "<group>"; };
		2283F8CA244F97DB001AAB34 /* Constants.swift */ = {isa = PBXFileReference; fileEncoding = 4; lastKnownFileType = sourcecode.swift; path = Constants.swift; sourceTree = "<group>"; };
		326D0028240EE65100429332 /* RegisterViewController.swift */ = {isa = PBXFileReference; lastKnownFileType = sourcecode.swift; path = RegisterViewController.swift; sourceTree = "<group>"; };
/* End PBXFileReference section */

/* Begin PBXFrameworksBuildPhase section */
		223D15572404673F00745268 /* Frameworks */ = {
			isa = PBXFrameworksBuildPhase;
			buildActionMask = 2147483647;
			files = (
			);
			runOnlyForDeploymentPostprocessing = 0;
		};
		223D156D2404674100745268 /* Frameworks */ = {
			isa = PBXFrameworksBuildPhase;
			buildActionMask = 2147483647;
			files = (
			);
			runOnlyForDeploymentPostprocessing = 0;
		};
		223D15782404674100745268 /* Frameworks */ = {
			isa = PBXFrameworksBuildPhase;
			buildActionMask = 2147483647;
			files = (
			);
			runOnlyForDeploymentPostprocessing = 0;
		};
/* End PBXFrameworksBuildPhase section */

/* Begin PBXGroup section */
		222B0166243B844300D8E664 /* model */ = {
			isa = PBXGroup;
			children = (
				222B0165243B844300D8E664 /* DatabaseClient.swift */,
			);
			path = model;
			sourceTree = "<group>";
		};
		222B0167243B844300D8E664 /* data */ = {
			isa = PBXGroup;
			children = (
				222B0162243B844300D8E664 /* UserRepository.swift */,
				222B0163243B844300D8E664 /* SurveyRepository.swift */,
				222B0164243B844300D8E664 /* Result.swift */,
				222B0166243B844300D8E664 /* model */,
			);
			name = data;
			path = "/Users/mguay22/Documents/Senior/CS 295/Simple Surveys/Simple Surveys/data";
			sourceTree = "<absolute>";
		};
		223D15512404673F00745268 = {
			isa = PBXGroup;
			children = (
				223D155C2404673F00745268 /* Simple Surveys */,
				223D15732404674100745268 /* Simple SurveysTests */,
				223D157E2404674100745268 /* Simple SurveysUITests */,
				223D155B2404673F00745268 /* Products */,
			);
			sourceTree = "<group>";
		};
		223D155B2404673F00745268 /* Products */ = {
			isa = PBXGroup;
			children = (
				223D155A2404673F00745268 /* Simple Surveys.app */,
				223D15702404674100745268 /* Simple SurveysTests.xctest */,
				223D157B2404674100745268 /* Simple SurveysUITests.xctest */,
			);
			name = Products;
			sourceTree = "<group>";
		};
		223D155C2404673F00745268 /* Simple Surveys */ = {
			isa = PBXGroup;
			children = (
				224D8D74243BA07E003C72D7 /* LoginViewController.swift */,
				2283F8C9244F97DB001AAB34 /* utility */,
				222B0167243B844300D8E664 /* data */,
				22095E45241FC9BC00BA0B32 /* Simple Surveys.entitlements */,
				223D155D2404673F00745268 /* AppDelegate.swift */,
				223D155F2404673F00745268 /* SceneDelegate.swift */,
				326D0028240EE65100429332 /* RegisterViewController.swift */,
				223D15612404673F00745268 /* HomeController.swift */,
				223D15632404673F00745268 /* Main.storyboard */,
				223D15662404674100745268 /* Assets.xcassets */,
				223D15682404674100745268 /* LaunchScreen.storyboard */,
				223D156B2404674100745268 /* Info.plist */,
			);
			path = "Simple Surveys";
			sourceTree = "<group>";
		};
		223D15732404674100745268 /* Simple SurveysTests */ = {
			isa = PBXGroup;
			children = (
				223D15742404674100745268 /* Simple_SurveysTests.swift */,
				223D15762404674100745268 /* Info.plist */,
			);
			path = "Simple SurveysTests";
			sourceTree = "<group>";
		};
		223D157E2404674100745268 /* Simple SurveysUITests */ = {
			isa = PBXGroup;
			children = (
				223D157F2404674100745268 /* Simple_SurveysUITests.swift */,
				223D15812404674100745268 /* Info.plist */,
			);
			path = "Simple SurveysUITests";
			sourceTree = "<group>";
		};
		2283F8C9244F97DB001AAB34 /* utility */ = {
			isa = PBXGroup;
			children = (
				2283F8CA244F97DB001AAB34 /* Constants.swift */,
			);
			name = utility;
			path = "Simple Surveys/utility";
			sourceTree = SOURCE_ROOT;
		};
/* End PBXGroup section */

/* Begin PBXNativeTarget section */
		223D15592404673F00745268 /* Simple Surveys */ = {
			isa = PBXNativeTarget;
			buildConfigurationList = 223D15842404674100745268 /* Build configuration list for PBXNativeTarget "Simple Surveys" */;
			buildPhases = (
				223D15562404673F00745268 /* Sources */,
				223D15572404673F00745268 /* Frameworks */,
				223D15582404673F00745268 /* Resources */,
				22E4055E24057A0100051A9B /* Embed App Extensions */,
			);
			buildRules = (
			);
			dependencies = (
			);
			name = "Simple Surveys";
			productName = "Simple Surveys";
			productReference = 223D155A2404673F00745268 /* Simple Surveys.app */;
			productType = "com.apple.product-type.application";
		};
		223D156F2404674100745268 /* Simple SurveysTests */ = {
			isa = PBXNativeTarget;
			buildConfigurationList = 223D15872404674100745268 /* Build configuration list for PBXNativeTarget "Simple SurveysTests" */;
			buildPhases = (
				6CEBF4382B5999B97C25573D /* [CP] Check Pods Manifest.lock */,
				223D156C2404674100745268 /* Sources */,
				223D156D2404674100745268 /* Frameworks */,
				223D156E2404674100745268 /* Resources */,
			);
			buildRules = (
			);
			dependencies = (
				223D15722404674100745268 /* PBXTargetDependency */,
			);
			name = "Simple SurveysTests";
			productName = "Simple SurveysTests";
			productReference = 223D15702404674100745268 /* Simple SurveysTests.xctest */;
			productType = "com.apple.product-type.bundle.unit-test";
		};
		223D157A2404674100745268 /* Simple SurveysUITests */ = {
			isa = PBXNativeTarget;
			buildConfigurationList = 223D158A2404674100745268 /* Build configuration list for PBXNativeTarget "Simple SurveysUITests" */;
			buildPhases = (
				FBC218650F26DAC9F9997828 /* [CP] Check Pods Manifest.lock */,
				223D15772404674100745268 /* Sources */,
				223D15782404674100745268 /* Frameworks */,
				223D15792404674100745268 /* Resources */,
			);
			buildRules = (
			);
			dependencies = (
				223D157D2404674100745268 /* PBXTargetDependency */,
			);
			name = "Simple SurveysUITests";
			productName = "Simple SurveysUITests";
			productReference = 223D157B2404674100745268 /* Simple SurveysUITests.xctest */;
			productType = "com.apple.product-type.bundle.ui-testing";
		};
/* End PBXNativeTarget section */

/* Begin PBXProject section */
		223D15522404673F00745268 /* Project object */ = {
			isa = PBXProject;
			attributes = {
				LastSwiftUpdateCheck = 1130;
				LastUpgradeCheck = 1130;
				ORGANIZATIONNAME = "Michael Guay";
				TargetAttributes = {
					223D15592404673F00745268 = {
						CreatedOnToolsVersion = 11.3;
					};
					223D156F2404674100745268 = {
						CreatedOnToolsVersion = 11.3;
						TestTargetID = 223D15592404673F00745268;
					};
					223D157A2404674100745268 = {
						CreatedOnToolsVersion = 11.3;
						TestTargetID = 223D15592404673F00745268;
					};
				};
			};
			buildConfigurationList = 223D15552404673F00745268 /* Build configuration list for PBXProject "Simple Surveys" */;
			compatibilityVersion = "Xcode 9.3";
			developmentRegion = en;
			hasScannedForEncodings = 0;
			knownRegions = (
				en,
				Base,
			);
			mainGroup = 223D15512404673F00745268;
			productRefGroup = 223D155B2404673F00745268 /* Products */;
			projectDirPath = "";
			projectRoot = "";
			targets = (
				223D15592404673F00745268 /* Simple Surveys */,
				223D156F2404674100745268 /* Simple SurveysTests */,
				223D157A2404674100745268 /* Simple SurveysUITests */,
			);
		};
/* End PBXProject section */

/* Begin PBXResourcesBuildPhase section */
		223D15582404673F00745268 /* Resources */ = {
			isa = PBXResourcesBuildPhase;
			buildActionMask = 2147483647;
			files = (
				223D156A2404674100745268 /* LaunchScreen.storyboard in Resources */,
				223D15672404674100745268 /* Assets.xcassets in Resources */,
				223D15652404673F00745268 /* Main.storyboard in Resources */,
			);
			runOnlyForDeploymentPostprocessing = 0;
		};
		223D156E2404674100745268 /* Resources */ = {
			isa = PBXResourcesBuildPhase;
			buildActionMask = 2147483647;
			files = (
			);
			runOnlyForDeploymentPostprocessing = 0;
		};
		223D15792404674100745268 /* Resources */ = {
			isa = PBXResourcesBuildPhase;
			buildActionMask = 2147483647;
			files = (
			);
			runOnlyForDeploymentPostprocessing = 0;
		};
/* End PBXResourcesBuildPhase section */

/* Begin PBXShellScriptBuildPhase section */
		6CEBF4382B5999B97C25573D /* [CP] Check Pods Manifest.lock */ = {
			isa = PBXShellScriptBuildPhase;
			buildActionMask = 2147483647;
			files = (
			);
			inputFileListPaths = (
			);
			inputPaths = (
				"${PODS_PODFILE_DIR_PATH}/Podfile.lock",
				"${PODS_ROOT}/Manifest.lock",
			);
			name = "[CP] Check Pods Manifest.lock";
			outputFileListPaths = (
			);
			outputPaths = (
				"$(DERIVED_FILE_DIR)/Pods-Simple SurveysTests-checkManifestLockResult.txt",
			);
			runOnlyForDeploymentPostprocessing = 0;
			shellPath = /bin/sh;
			shellScript = "diff \"${PODS_PODFILE_DIR_PATH}/Podfile.lock\" \"${PODS_ROOT}/Manifest.lock\" > /dev/null\nif [ $? != 0 ] ; then\n    # print error to STDERR\n    echo \"error: The sandbox is not in sync with the Podfile.lock. Run 'pod install' or update your CocoaPods installation.\" >&2\n    exit 1\nfi\n# This output is used by Xcode 'outputs' to avoid re-running this script phase.\necho \"SUCCESS\" > \"${SCRIPT_OUTPUT_FILE_0}\"\n";
			showEnvVarsInLog = 0;
		};
		FBC218650F26DAC9F9997828 /* [CP] Check Pods Manifest.lock */ = {
			isa = PBXShellScriptBuildPhase;
			buildActionMask = 2147483647;
			files = (
			);
			inputFileListPaths = (
			);
			inputPaths = (
				"${PODS_PODFILE_DIR_PATH}/Podfile.lock",
				"${PODS_ROOT}/Manifest.lock",
			);
			name = "[CP] Check Pods Manifest.lock";
			outputFileListPaths = (
			);
			outputPaths = (
				"$(DERIVED_FILE_DIR)/Pods-Simple Surveys-Simple SurveysUITests-checkManifestLockResult.txt",
			);
			runOnlyForDeploymentPostprocessing = 0;
			shellPath = /bin/sh;
			shellScript = "diff \"${PODS_PODFILE_DIR_PATH}/Podfile.lock\" \"${PODS_ROOT}/Manifest.lock\" > /dev/null\nif [ $? != 0 ] ; then\n    # print error to STDERR\n    echo \"error: The sandbox is not in sync with the Podfile.lock. Run 'pod install' or update your CocoaPods installation.\" >&2\n    exit 1\nfi\n# This output is used by Xcode 'outputs' to avoid re-running this script phase.\necho \"SUCCESS\" > \"${SCRIPT_OUTPUT_FILE_0}\"\n";
			showEnvVarsInLog = 0;
		};
/* End PBXShellScriptBuildPhase section */

/* Begin PBXSourcesBuildPhase section */
		223D15562404673F00745268 /* Sources */ = {
			isa = PBXSourcesBuildPhase;
			buildActionMask = 2147483647;
			files = (
				2283F8CC244F997B001AAB34 /* UserRepository.swift in Sources */,
				2283F8CD244F997B001AAB34 /* SurveyRepository.swift in Sources */,
				2283F8CE244F997B001AAB34 /* Result.swift in Sources */,
				2283F8CF244F997B001AAB34 /* DatabaseClient.swift in Sources */,
				224D8D75243BA07E003C72D7 /* LoginViewController.swift in Sources */,
				223D15622404673F00745268 /* HomeController.swift in Sources */,
				223D15622404673F00745268 /* HomeController.swift in Sources */,
				223D155E2404673F00745268 /* AppDelegate.swift in Sources */,
				2283F8CB244F97DB001AAB34 /* Constants.swift in Sources */,
				223D15602404673F00745268 /* SceneDelegate.swift in Sources */,
				326D0029240EE65100429332 /* RegisterViewController.swift in Sources */,
			);
			runOnlyForDeploymentPostprocessing = 0;
		};
		223D156C2404674100745268 /* Sources */ = {
			isa = PBXSourcesBuildPhase;
			buildActionMask = 2147483647;
			files = (
				223D15752404674100745268 /* Simple_SurveysTests.swift in Sources */,
			);
			runOnlyForDeploymentPostprocessing = 0;
		};
		223D15772404674100745268 /* Sources */ = {
			isa = PBXSourcesBuildPhase;
			buildActionMask = 2147483647;
			files = (
				223D15802404674100745268 /* Simple_SurveysUITests.swift in Sources */,
			);
			runOnlyForDeploymentPostprocessing = 0;
		};
/* End PBXSourcesBuildPhase section */

/* Begin PBXTargetDependency section */
		223D15722404674100745268 /* PBXTargetDependency */ = {
			isa = PBXTargetDependency;
			target = 223D15592404673F00745268 /* Simple Surveys */;
			targetProxy = 223D15712404674100745268 /* PBXContainerItemProxy */;
		};
		223D157D2404674100745268 /* PBXTargetDependency */ = {
			isa = PBXTargetDependency;
			target = 223D15592404673F00745268 /* Simple Surveys */;
			targetProxy = 223D157C2404674100745268 /* PBXContainerItemProxy */;
		};
/* End PBXTargetDependency section */

/* Begin PBXVariantGroup section */
		223D15632404673F00745268 /* Main.storyboard */ = {
			isa = PBXVariantGroup;
			children = (
				223D15642404673F00745268 /* Base */,
			);
			name = Main.storyboard;
			sourceTree = "<group>";
		};
		223D15682404674100745268 /* LaunchScreen.storyboard */ = {
			isa = PBXVariantGroup;
			children = (
				223D15692404674100745268 /* Base */,
			);
			name = LaunchScreen.storyboard;
			sourceTree = "<group>";
		};
/* End PBXVariantGroup section */

/* Begin XCBuildConfiguration section */
		223D15822404674100745268 /* Debug */ = {
			isa = XCBuildConfiguration;
			buildSettings = {
				ALWAYS_SEARCH_USER_PATHS = NO;
				CLANG_ANALYZER_NONNULL = YES;
				CLANG_ANALYZER_NUMBER_OBJECT_CONVERSION = YES_AGGRESSIVE;
				CLANG_CXX_LANGUAGE_STANDARD = "gnu++14";
				CLANG_CXX_LIBRARY = "libc++";
				CLANG_ENABLE_MODULES = YES;
				CLANG_ENABLE_OBJC_ARC = YES;
				CLANG_ENABLE_OBJC_WEAK = YES;
				CLANG_WARN_BLOCK_CAPTURE_AUTORELEASING = YES;
				CLANG_WARN_BOOL_CONVERSION = YES;
				CLANG_WARN_COMMA = YES;
				CLANG_WARN_CONSTANT_CONVERSION = YES;
				CLANG_WARN_DEPRECATED_OBJC_IMPLEMENTATIONS = YES;
				CLANG_WARN_DIRECT_OBJC_ISA_USAGE = YES_ERROR;
				CLANG_WARN_DOCUMENTATION_COMMENTS = YES;
				CLANG_WARN_EMPTY_BODY = YES;
				CLANG_WARN_ENUM_CONVERSION = YES;
				CLANG_WARN_INFINITE_RECURSION = YES;
				CLANG_WARN_INT_CONVERSION = YES;
				CLANG_WARN_NON_LITERAL_NULL_CONVERSION = YES;
				CLANG_WARN_OBJC_IMPLICIT_RETAIN_SELF = YES;
				CLANG_WARN_OBJC_LITERAL_CONVERSION = YES;
				CLANG_WARN_OBJC_ROOT_CLASS = YES_ERROR;
				CLANG_WARN_RANGE_LOOP_ANALYSIS = YES;
				CLANG_WARN_STRICT_PROTOTYPES = YES;
				CLANG_WARN_SUSPICIOUS_MOVE = YES;
				CLANG_WARN_UNGUARDED_AVAILABILITY = YES_AGGRESSIVE;
				CLANG_WARN_UNREACHABLE_CODE = YES;
				CLANG_WARN__DUPLICATE_METHOD_MATCH = YES;
				COPY_PHASE_STRIP = NO;
				DEBUG_INFORMATION_FORMAT = dwarf;
				ENABLE_STRICT_OBJC_MSGSEND = YES;
				ENABLE_TESTABILITY = YES;
				GCC_C_LANGUAGE_STANDARD = gnu11;
				GCC_DYNAMIC_NO_PIC = NO;
				GCC_NO_COMMON_BLOCKS = YES;
				GCC_OPTIMIZATION_LEVEL = 0;
				GCC_PREPROCESSOR_DEFINITIONS = (
					"DEBUG=1",
					"$(inherited)",
				);
				GCC_WARN_64_TO_32_BIT_CONVERSION = YES;
				GCC_WARN_ABOUT_RETURN_TYPE = YES_ERROR;
				GCC_WARN_UNDECLARED_SELECTOR = YES;
				GCC_WARN_UNINITIALIZED_AUTOS = YES_AGGRESSIVE;
				GCC_WARN_UNUSED_FUNCTION = YES;
				GCC_WARN_UNUSED_VARIABLE = YES;
				IPHONEOS_DEPLOYMENT_TARGET = 13.2;
				MTL_ENABLE_DEBUG_INFO = INCLUDE_SOURCE;
				MTL_FAST_MATH = YES;
				ONLY_ACTIVE_ARCH = YES;
				SDKROOT = iphoneos;
				SWIFT_ACTIVE_COMPILATION_CONDITIONS = DEBUG;
				SWIFT_OPTIMIZATION_LEVEL = "-Onone";
			};
			name = Debug;
		};
		223D15832404674100745268 /* Release */ = {
			isa = XCBuildConfiguration;
			buildSettings = {
				ALWAYS_SEARCH_USER_PATHS = NO;
				CLANG_ANALYZER_NONNULL = YES;
				CLANG_ANALYZER_NUMBER_OBJECT_CONVERSION = YES_AGGRESSIVE;
				CLANG_CXX_LANGUAGE_STANDARD = "gnu++14";
				CLANG_CXX_LIBRARY = "libc++";
				CLANG_ENABLE_MODULES = YES;
				CLANG_ENABLE_OBJC_ARC = YES;
				CLANG_ENABLE_OBJC_WEAK = YES;
				CLANG_WARN_BLOCK_CAPTURE_AUTORELEASING = YES;
				CLANG_WARN_BOOL_CONVERSION = YES;
				CLANG_WARN_COMMA = YES;
				CLANG_WARN_CONSTANT_CONVERSION = YES;
				CLANG_WARN_DEPRECATED_OBJC_IMPLEMENTATIONS = YES;
				CLANG_WARN_DIRECT_OBJC_ISA_USAGE = YES_ERROR;
				CLANG_WARN_DOCUMENTATION_COMMENTS = YES;
				CLANG_WARN_EMPTY_BODY = YES;
				CLANG_WARN_ENUM_CONVERSION = YES;
				CLANG_WARN_INFINITE_RECURSION = YES;
				CLANG_WARN_INT_CONVERSION = YES;
				CLANG_WARN_NON_LITERAL_NULL_CONVERSION = YES;
				CLANG_WARN_OBJC_IMPLICIT_RETAIN_SELF = YES;
				CLANG_WARN_OBJC_LITERAL_CONVERSION = YES;
				CLANG_WARN_OBJC_ROOT_CLASS = YES_ERROR;
				CLANG_WARN_RANGE_LOOP_ANALYSIS = YES;
				CLANG_WARN_STRICT_PROTOTYPES = YES;
				CLANG_WARN_SUSPICIOUS_MOVE = YES;
				CLANG_WARN_UNGUARDED_AVAILABILITY = YES_AGGRESSIVE;
				CLANG_WARN_UNREACHABLE_CODE = YES;
				CLANG_WARN__DUPLICATE_METHOD_MATCH = YES;
				COPY_PHASE_STRIP = NO;
				DEBUG_INFORMATION_FORMAT = "dwarf-with-dsym";
				ENABLE_NS_ASSERTIONS = NO;
				ENABLE_STRICT_OBJC_MSGSEND = YES;
				GCC_C_LANGUAGE_STANDARD = gnu11;
				GCC_NO_COMMON_BLOCKS = YES;
				GCC_WARN_64_TO_32_BIT_CONVERSION = YES;
				GCC_WARN_ABOUT_RETURN_TYPE = YES_ERROR;
				GCC_WARN_UNDECLARED_SELECTOR = YES;
				GCC_WARN_UNINITIALIZED_AUTOS = YES_AGGRESSIVE;
				GCC_WARN_UNUSED_FUNCTION = YES;
				GCC_WARN_UNUSED_VARIABLE = YES;
				IPHONEOS_DEPLOYMENT_TARGET = 13.2;
				MTL_ENABLE_DEBUG_INFO = NO;
				MTL_FAST_MATH = YES;
				SDKROOT = iphoneos;
				SWIFT_COMPILATION_MODE = wholemodule;
				SWIFT_OPTIMIZATION_LEVEL = "-O";
				VALIDATE_PRODUCT = YES;
			};
			name = Release;
		};
		223D15852404674100745268 /* Debug */ = {
			isa = XCBuildConfiguration;
			buildSettings = {
				ASSETCATALOG_COMPILER_APPICON_NAME = AppIcon;
				CODE_SIGN_ENTITLEMENTS = "Simple Surveys/Simple Surveys.entitlements";
				CODE_SIGN_IDENTITY = "Apple Development";
				CODE_SIGN_STYLE = Automatic;
				DEVELOPMENT_TEAM = GFAN58D6MV;
				INFOPLIST_FILE = "Simple Surveys/Info.plist";
				LD_RUNPATH_SEARCH_PATHS = (
					"$(inherited)",
					"@executable_path/Frameworks",
				);
				PRODUCT_BUNDLE_IDENTIFIER = com.cs295.simplesurveysios;
				PRODUCT_NAME = "$(TARGET_NAME)";
				PROVISIONING_PROFILE_SPECIFIER = "";
				SWIFT_VERSION = 5.0;
				TARGETED_DEVICE_FAMILY = "1,2";
			};
			name = Debug;
		};
		223D15862404674100745268 /* Release */ = {
			isa = XCBuildConfiguration;
			buildSettings = {
				ASSETCATALOG_COMPILER_APPICON_NAME = AppIcon;
				CODE_SIGN_ENTITLEMENTS = "Simple Surveys/Simple Surveys.entitlements";
				CODE_SIGN_IDENTITY = "Apple Development";
				CODE_SIGN_STYLE = Automatic;
				DEVELOPMENT_TEAM = GFAN58D6MV;
				INFOPLIST_FILE = "Simple Surveys/Info.plist";
				LD_RUNPATH_SEARCH_PATHS = (
					"$(inherited)",
					"@executable_path/Frameworks",
				);
				PRODUCT_BUNDLE_IDENTIFIER = com.cs295.simplesurveysios;
				PRODUCT_NAME = "$(TARGET_NAME)";
				PROVISIONING_PROFILE_SPECIFIER = "";
				SWIFT_VERSION = 5.0;
				TARGETED_DEVICE_FAMILY = "1,2";
			};
			name = Release;
		};
		223D15882404674100745268 /* Debug */ = {
			isa = XCBuildConfiguration;
			buildSettings = {
				ALWAYS_EMBED_SWIFT_STANDARD_LIBRARIES = YES;
				BUNDLE_LOADER = "$(TEST_HOST)";
				CODE_SIGN_STYLE = Automatic;
				DEVELOPMENT_TEAM = BR5885238L;
				INFOPLIST_FILE = "Simple SurveysTests/Info.plist";
				IPHONEOS_DEPLOYMENT_TARGET = 13.2;
				LD_RUNPATH_SEARCH_PATHS = (
					"$(inherited)",
					"@executable_path/Frameworks",
					"@loader_path/Frameworks",
				);
				PRODUCT_BUNDLE_IDENTIFIER = "com.cs295.Simple-SurveysTests";
				PRODUCT_NAME = "$(TARGET_NAME)";
				SWIFT_VERSION = 5.0;
				TARGETED_DEVICE_FAMILY = "1,2";
				TEST_HOST = "$(BUILT_PRODUCTS_DIR)/Simple Surveys.app/Simple Surveys";
			};
			name = Debug;
		};
		223D15892404674100745268 /* Release */ = {
			isa = XCBuildConfiguration;
			buildSettings = {
				ALWAYS_EMBED_SWIFT_STANDARD_LIBRARIES = YES;
				BUNDLE_LOADER = "$(TEST_HOST)";
				CODE_SIGN_STYLE = Automatic;
				DEVELOPMENT_TEAM = BR5885238L;
				INFOPLIST_FILE = "Simple SurveysTests/Info.plist";
				IPHONEOS_DEPLOYMENT_TARGET = 13.2;
				LD_RUNPATH_SEARCH_PATHS = (
					"$(inherited)",
					"@executable_path/Frameworks",
					"@loader_path/Frameworks",
				);
				PRODUCT_BUNDLE_IDENTIFIER = "com.cs295.Simple-SurveysTests";
				PRODUCT_NAME = "$(TARGET_NAME)";
				SWIFT_VERSION = 5.0;
				TARGETED_DEVICE_FAMILY = "1,2";
				TEST_HOST = "$(BUILT_PRODUCTS_DIR)/Simple Surveys.app/Simple Surveys";
			};
			name = Release;
		};
		223D158B2404674100745268 /* Debug */ = {
			isa = XCBuildConfiguration;
			buildSettings = {
				ALWAYS_EMBED_SWIFT_STANDARD_LIBRARIES = YES;
				CODE_SIGN_STYLE = Automatic;
				DEVELOPMENT_TEAM = BR5885238L;
				INFOPLIST_FILE = "Simple SurveysUITests/Info.plist";
				LD_RUNPATH_SEARCH_PATHS = (
					"$(inherited)",
					"@executable_path/Frameworks",
					"@loader_path/Frameworks",
				);
				PRODUCT_BUNDLE_IDENTIFIER = "com.cs295.Simple-SurveysUITests";
				PRODUCT_NAME = "$(TARGET_NAME)";
				SWIFT_VERSION = 5.0;
				TARGETED_DEVICE_FAMILY = "1,2";
				TEST_TARGET_NAME = "Simple Surveys";
			};
			name = Debug;
		};
		223D158C2404674100745268 /* Release */ = {
			isa = XCBuildConfiguration;
			buildSettings = {
				ALWAYS_EMBED_SWIFT_STANDARD_LIBRARIES = YES;
				CODE_SIGN_STYLE = Automatic;
				DEVELOPMENT_TEAM = BR5885238L;
				INFOPLIST_FILE = "Simple SurveysUITests/Info.plist";
				LD_RUNPATH_SEARCH_PATHS = (
					"$(inherited)",
					"@executable_path/Frameworks",
					"@loader_path/Frameworks",
				);
				PRODUCT_BUNDLE_IDENTIFIER = "com.cs295.Simple-SurveysUITests";
				PRODUCT_NAME = "$(TARGET_NAME)";
				SWIFT_VERSION = 5.0;
				TARGETED_DEVICE_FAMILY = "1,2";
				TEST_TARGET_NAME = "Simple Surveys";
			};
			name = Release;
		};
/* End XCBuildConfiguration section */

/* Begin XCConfigurationList section */
		223D15552404673F00745268 /* Build configuration list for PBXProject "Simple Surveys" */ = {
			isa = XCConfigurationList;
			buildConfigurations = (
				223D15822404674100745268 /* Debug */,
				223D15832404674100745268 /* Release */,
			);
			defaultConfigurationIsVisible = 0;
			defaultConfigurationName = Release;
		};
		223D15842404674100745268 /* Build configuration list for PBXNativeTarget "Simple Surveys" */ = {
			isa = XCConfigurationList;
			buildConfigurations = (
				223D15852404674100745268 /* Debug */,
				223D15862404674100745268 /* Release */,
			);
			defaultConfigurationIsVisible = 0;
			defaultConfigurationName = Release;
		};
		223D15872404674100745268 /* Build configuration list for PBXNativeTarget "Simple SurveysTests" */ = {
			isa = XCConfigurationList;
			buildConfigurations = (
				223D15882404674100745268 /* Debug */,
				223D15892404674100745268 /* Release */,
			);
			defaultConfigurationIsVisible = 0;
			defaultConfigurationName = Release;
		};
		223D158A2404674100745268 /* Build configuration list for PBXNativeTarget "Simple SurveysUITests" */ = {
			isa = XCConfigurationList;
			buildConfigurations = (
				223D158B2404674100745268 /* Debug */,
				223D158C2404674100745268 /* Release */,
			);
			defaultConfigurationIsVisible = 0;
			defaultConfigurationName = Release;
		};
/* End XCConfigurationList section */
	};
	rootObject = 223D15522404673F00745268 /* Project object */;
}
